# This file is automatically @generated by Poetry 1.8.3 and should not be changed by hand.

[[package]]
name = "pyglet"
version = "2.0.15"
description = "pyglet is a cross-platform games and multimedia package."
optional = false
python-versions = ">=3.8"
files = [
    {file = "pyglet-2.0.15-py3-none-any.whl", hash = "sha256:9e4cc16efc308106fd3a9ff8f04e7a6f4f6a807c6ac8a331375efbbac8be85af"},
    {file = "pyglet-2.0.15.tar.gz", hash = "sha256:42085567cece0c7f1c14e36eef799938cbf528cfbb0150c484b984f3ff1aa771"},
]

[metadata]
lock-version = "2.0"
python-versions = "^3.11"
content-hash = "67f12b005f5428e2253e44f67f4924ba630f89bd140eaf7a5d14d9fb61a43b43"
